{
  "version": 4,
  "terraform_version": "1.9.5",
  "serial": 5,
  "lineage": "2fb864c6-fb9e-45ea-afe1-83a0fab28317",
  "outputs": {},
  "resources": [
    {
      "mode": "managed",
      "type": "github_repository",
      "name": "example",
      "provider": "provider[\"registry.terraform.io/hashicorp/github\"]",
      "instances": [
        {
          "schema_version": 1,
          "attributes": {
            "allow_auto_merge": false,
            "allow_merge_commit": false,
            "allow_rebase_merge": false,
            "allow_squash_merge": false,
            "allow_update_branch": false,
            "archive_on_destroy": null,
            "archived": false,
            "auto_init": true,
            "default_branch": "main",
            "delete_branch_on_merge": false,
            "description": "My terraform repo",
            "etag": "W/\"dd24eb79c16bd42b2a529d1642f866a3bb5504192c81282bc6138c150303c5b2\"",
            "full_name": "kartik695/my-terraform-repo",
            "git_clone_url": "git://github.com/kartik695/my-terraform-repo.git",
            "gitignore_template": null,
            "has_discussions": false,
            "has_downloads": false,
            "has_issues": false,
            "has_projects": false,
            "has_wiki": false,
            "homepage_url": "",
            "html_url": "https://github.com/kartik695/my-terraform-repo",
            "http_clone_url": "https://github.com/kartik695/my-terraform-repo.git",
            "id": "my-terraform-repo",
            "ignore_vulnerability_alerts_during_read": null,
            "is_template": false,
            "license_template": null,
            "merge_commit_message": "",
            "merge_commit_title": "",
            "name": "my-terraform-repo",
            "node_id": "R_kgDOMqZoFg",
            "pages": [],
            "primary_language": "",
            "private": false,
            "repo_id": 849766422,
            "security_and_analysis": [],
            "squash_merge_commit_message": "",
            "squash_merge_commit_title": "",
            "ssh_clone_url": "git@github.com:kartik695/my-terraform-repo.git",
            "svn_url": "https://github.com/kartik695/my-terraform-repo",
            "template": [],
            "topics": [],
            "visibility": "public",
            "vulnerability_alerts": false,
            "web_commit_signoff_required": false
          },
          "sensitive_attributes": [],
          "private": "eyJzY2hlbWFfdmVyc2lvbiI6IjEifQ=="
        }
      ]
    }
  ],
  "check_results": null
}
